
Microsoft Visual Studio Solution File, Format Version 12.00
# Visual Studio Version 17
VisualStudioVersion = 17.0.31903.59
MinimumVisualStudioVersion = 10.0.40219.1
Project("{2150E333-8FDC-42A3-9474-1A3956D46DE8}") = "src", "src", "{DF468757-8711-4895-BA8E-4AF14DC465ED}"
EndProject
Project("{FAE04EC0-301F-11D3-BF4B-00C04F79EFBC}") = "PDH.Api", "src\Api\PDH.Api.csproj", "{3B901A24-42EF-413B-AE1F-5B41B7978E05}"
EndProject
Project("{2150E333-8FDC-42A3-9474-1A3956D46DE8}") = "Shared", "Shared", "{79581164-1F18-48CC-A2D6-423AE1ECC9C4}"
EndProject
Project("{FAE04EC0-301F-11D3-BF4B-00C04F79EFBC}") = "PDH.Shared.Kernel", "src\Shared\Kernel\PDH.Shared.Kernel.csproj", "{CE7411A3-4619-447A-B479-7CEC3851571B}"
EndProject
Project("{FAE04EC0-301F-11D3-BF4B-00C04F79EFBC}") = "PDH.Shared.Infrastructure", "src\Shared\Infrastructure\PDH.Shared.Infrastructure.csproj", "{A96E231C-D600-4594-82BE-771E2BADD25E}"
EndProject
Project("{2150E333-8FDC-42A3-9474-1A3956D46DE8}") = "Modules", "Modules", "{76924186-6787-4E87-867B-BEB00BF6CF13}"
EndProject
Project("{FAE04EC0-301F-11D3-BF4B-00C04F79EFBC}") = "PDH.Modules.Identity", "src\Modules\Identity\PDH.Modules.Identity.csproj", "{284FCE65-217E-4DD0-8F04-2C6D832541C9}"
EndProject
Project("{FAE04EC0-301F-11D3-BF4B-00C04F79EFBC}") = "PDH.Modules.Activities", "src\Modules\Activities\PDH.Modules.Activities.csproj", "{39EC317E-A895-4162-9807-0CA3F1B53A60}"
EndProject
Project("{FAE04EC0-301F-11D3-BF4B-00C04F79EFBC}") = "PDH.Modules.Integrations", "src\Modules\Integrations\PDH.Modules.Integrations.csproj", "{D74051CF-C0D3-4713-AF76-5B37EF82E42B}"
EndProject
Project("{FAE04EC0-301F-11D3-BF4B-00C04F79EFBC}") = "PDH.Modules.ML", "src\Modules\ML\PDH.Modules.ML.csproj", "{9E39E672-A828-4883-83AA-26B008BE8F6B}"
EndProject
Project("{FAE04EC0-301F-11D3-BF4B-00C04F79EFBC}") = "PDH.Modules.Chat", "src\Modules\Chat\PDH.Modules.Chat.csproj", "{93C90C20-A70A-47F4-B707-25B4B721AF27}"
EndProject
Project("{FAE04EC0-301F-11D3-BF4B-00C04F79EFBC}") = "PDH.Modules.Analytics", "src\Modules\Analytics\PDH.Modules.Analytics.csproj", "{39E272DB-E202-4FE4-8751-A569B96A335F}"
EndProject
Project("{2150E333-8FDC-42A3-9474-1A3956D46DE8}") = "tests", "tests", "{D89E0BF6-7DEE-4D55-A7CE-50A4E3B3A424}"
EndProject
Project("{FAE04EC0-301F-11D3-BF4B-00C04F79EFBC}") = "PDH.ArchitectureTests", "tests\ArchitectureTests\PDH.ArchitectureTests.csproj", "{E007103E-D987-465D-B36E-B1C9C5222116}"
EndProject
Project("{FAE04EC0-301F-11D3-BF4B-00C04F79EFBC}") = "PDH.DomainTests", "tests\DomainTests\PDH.DomainTests.csproj", "{61D7A451-EAE7-4D7E-93CC-387EDC9CA3D7}"
EndProject
Project("{FAE04EC0-301F-11D3-BF4B-00C04F79EFBC}") = "PDH.IntegrationTests", "tests\IntegrationTests\PDH.IntegrationTests.csproj", "{099B6580-6588-4C46-9F4D-B04FC953A519}"
EndProject
Project("{FAE04EC0-301F-11D3-BF4B-00C04F79EFBC}") = "PDH.Application", "src\Application\PDH.Application.csproj", "{1C82EE68-CF23-454F-B862-3F3579A7DA08}"
EndProject
Global
	GlobalSection(SolutionConfigurationPlatforms) = preSolution
		Debug|Any CPU = Debug|Any CPU
		Release|Any CPU = Release|Any CPU
	EndGlobalSection
	GlobalSection(SolutionProperties) = preSolution
		HideSolutionNode = FALSE
	EndGlobalSection
	GlobalSection(ProjectConfigurationPlatforms) = postSolution
		{3B901A24-42EF-413B-AE1F-5B41B7978E05}.Debug|Any CPU.ActiveCfg = Debug|Any CPU
		{3B901A24-42EF-413B-AE1F-5B41B7978E05}.Debug|Any CPU.Build.0 = Debug|Any CPU
		{3B901A24-42EF-413B-AE1F-5B41B7978E05}.Release|Any CPU.ActiveCfg = Release|Any CPU
		{3B901A24-42EF-413B-AE1F-5B41B7978E05}.Release|Any CPU.Build.0 = Release|Any CPU
		{CE7411A3-4619-447A-B479-7CEC3851571B}.Debug|Any CPU.ActiveCfg = Debug|Any CPU
		{CE7411A3-4619-447A-B479-7CEC3851571B}.Debug|Any CPU.Build.0 = Debug|Any CPU
		{CE7411A3-4619-447A-B479-7CEC3851571B}.Release|Any CPU.ActiveCfg = Release|Any CPU
		{CE7411A3-4619-447A-B479-7CEC3851571B}.Release|Any CPU.Build.0 = Release|Any CPU
		{A96E231C-D600-4594-82BE-771E2BADD25E}.Debug|Any CPU.ActiveCfg = Debug|Any CPU
		{A96E231C-D600-4594-82BE-771E2BADD25E}.Debug|Any CPU.Build.0 = Debug|Any CPU
		{A96E231C-D600-4594-82BE-771E2BADD25E}.Release|Any CPU.ActiveCfg = Release|Any CPU
		{A96E231C-D600-4594-82BE-771E2BADD25E}.Release|Any CPU.Build.0 = Release|Any CPU
		{284FCE65-217E-4DD0-8F04-2C6D832541C9}.Debug|Any CPU.ActiveCfg = Debug|Any CPU
		{284FCE65-217E-4DD0-8F04-2C6D832541C9}.Debug|Any CPU.Build.0 = Debug|Any CPU
		{284FCE65-217E-4DD0-8F04-2C6D832541C9}.Release|Any CPU.ActiveCfg = Release|Any CPU
		{284FCE65-217E-4DD0-8F04-2C6D832541C9}.Release|Any CPU.Build.0 = Release|Any CPU
		{39EC317E-A895-4162-9807-0CA3F1B53A60}.Debug|Any CPU.ActiveCfg = Debug|Any CPU
		{39EC317E-A895-4162-9807-0CA3F1B53A60}.Debug|Any CPU.Build.0 = Debug|Any CPU
		{39EC317E-A895-4162-9807-0CA3F1B53A60}.Release|Any CPU.ActiveCfg = Release|Any CPU
		{39EC317E-A895-4162-9807-0CA3F1B53A60}.Release|Any CPU.Build.0 = Release|Any CPU
		{D74051CF-C0D3-4713-AF76-5B37EF82E42B}.Debug|Any CPU.ActiveCfg = Debug|Any CPU
		{D74051CF-C0D3-4713-AF76-5B37EF82E42B}.Debug|Any CPU.Build.0 = Debug|Any CPU
		{D74051CF-C0D3-4713-AF76-5B37EF82E42B}.Release|Any CPU.ActiveCfg = Release|Any CPU
		{D74051CF-C0D3-4713-AF76-5B37EF82E42B}.Release|Any CPU.Build.0 = Release|Any CPU
		{9E39E672-A828-4883-83AA-26B008BE8F6B}.Debug|Any CPU.ActiveCfg = Debug|Any CPU
		{9E39E672-A828-4883-83AA-26B008BE8F6B}.Debug|Any CPU.Build.0 = Debug|Any CPU
		{9E39E672-A828-4883-83AA-26B008BE8F6B}.Release|Any CPU.ActiveCfg = Release|Any CPU
		{9E39E672-A828-4883-83AA-26B008BE8F6B}.Release|Any CPU.Build.0 = Release|Any CPU
		{93C90C20-A70A-47F4-B707-25B4B721AF27}.Debug|Any CPU.ActiveCfg = Debug|Any CPU
		{93C90C20-A70A-47F4-B707-25B4B721AF27}.Debug|Any CPU.Build.0 = Debug|Any CPU
		{93C90C20-A70A-47F4-B707-25B4B721AF27}.Release|Any CPU.ActiveCfg = Release|Any CPU
		{93C90C20-A70A-47F4-B707-25B4B721AF27}.Release|Any CPU.Build.0 = Release|Any CPU
		{39E272DB-E202-4FE4-8751-A569B96A335F}.Debug|Any CPU.ActiveCfg = Debug|Any CPU
		{39E272DB-E202-4FE4-8751-A569B96A335F}.Debug|Any CPU.Build.0 = Debug|Any CPU
		{39E272DB-E202-4FE4-8751-A569B96A335F}.Release|Any CPU.ActiveCfg = Release|Any CPU
		{39E272DB-E202-4FE4-8751-A569B96A335F}.Release|Any CPU.Build.0 = Release|Any CPU
		{E007103E-D987-465D-B36E-B1C9C5222116}.Debug|Any CPU.ActiveCfg = Debug|Any CPU
		{E007103E-D987-465D-B36E-B1C9C5222116}.Debug|Any CPU.Build.0 = Debug|Any CPU
		{E007103E-D987-465D-B36E-B1C9C5222116}.Release|Any CPU.ActiveCfg = Release|Any CPU
		{E007103E-D987-465D-B36E-B1C9C5222116}.Release|Any CPU.Build.0 = Release|Any CPU
		{61D7A451-EAE7-4D7E-93CC-387EDC9CA3D7}.Debug|Any CPU.ActiveCfg = Debug|Any CPU
		{61D7A451-EAE7-4D7E-93CC-387EDC9CA3D7}.Debug|Any CPU.Build.0 = Debug|Any CPU
		{61D7A451-EAE7-4D7E-93CC-387EDC9CA3D7}.Release|Any CPU.ActiveCfg = Release|Any CPU
		{61D7A451-EAE7-4D7E-93CC-387EDC9CA3D7}.Release|Any CPU.Build.0 = Release|Any CPU
		{099B6580-6588-4C46-9F4D-B04FC953A519}.Debug|Any CPU.ActiveCfg = Debug|Any CPU
		{099B6580-6588-4C46-9F4D-B04FC953A519}.Debug|Any CPU.Build.0 = Debug|Any CPU
		{099B6580-6588-4C46-9F4D-B04FC953A519}.Release|Any CPU.ActiveCfg = Release|Any CPU
		{099B6580-6588-4C46-9F4D-B04FC953A519}.Release|Any CPU.Build.0 = Release|Any CPU
		{1C82EE68-CF23-454F-B862-3F3579A7DA08}.Debug|Any CPU.ActiveCfg = Debug|Any CPU
		{1C82EE68-CF23-454F-B862-3F3579A7DA08}.Debug|Any CPU.Build.0 = Debug|Any CPU
		{1C82EE68-CF23-454F-B862-3F3579A7DA08}.Release|Any CPU.ActiveCfg = Release|Any CPU
		{1C82EE68-CF23-454F-B862-3F3579A7DA08}.Release|Any CPU.Build.0 = Release|Any CPU
	EndGlobalSection
	GlobalSection(NestedProjects) = preSolution
		{3B901A24-42EF-413B-AE1F-5B41B7978E05} = {DF468757-8711-4895-BA8E-4AF14DC465ED}
		{79581164-1F18-48CC-A2D6-423AE1ECC9C4} = {DF468757-8711-4895-BA8E-4AF14DC465ED}
		{CE7411A3-4619-447A-B479-7CEC3851571B} = {79581164-1F18-48CC-A2D6-423AE1ECC9C4}
		{A96E231C-D600-4594-82BE-771E2BADD25E} = {79581164-1F18-48CC-A2D6-423AE1ECC9C4}
		{76924186-6787-4E87-867B-BEB00BF6CF13} = {DF468757-8711-4895-BA8E-4AF14DC465ED}
		{284FCE65-217E-4DD0-8F04-2C6D832541C9} = {76924186-6787-4E87-867B-BEB00BF6CF13}
		{39EC317E-A895-4162-9807-0CA3F1B53A60} = {76924186-6787-4E87-867B-BEB00BF6CF13}
		{D74051CF-C0D3-4713-AF76-5B37EF82E42B} = {76924186-6787-4E87-867B-BEB00BF6CF13}
		{9E39E672-A828-4883-83AA-26B008BE8F6B} = {76924186-6787-4E87-867B-BEB00BF6CF13}
		{93C90C20-A70A-47F4-B707-25B4B721AF27} = {76924186-6787-4E87-867B-BEB00BF6CF13}
		{39E272DB-E202-4FE4-8751-A569B96A335F} = {76924186-6787-4E87-867B-BEB00BF6CF13}
		{E007103E-D987-465D-B36E-B1C9C5222116} = {D89E0BF6-7DEE-4D55-A7CE-50A4E3B3A424}
		{61D7A451-EAE7-4D7E-93CC-387EDC9CA3D7} = {D89E0BF6-7DEE-4D55-A7CE-50A4E3B3A424}
		{099B6580-6588-4C46-9F4D-B04FC953A519} = {D89E0BF6-7DEE-4D55-A7CE-50A4E3B3A424}
		{1C82EE68-CF23-454F-B862-3F3579A7DA08} = {DF468757-8711-4895-BA8E-4AF14DC465ED}
	EndGlobalSection
EndGlobal
