
Microsoft Visual Studio Solution File, Format Version 12.00
# Visual Studio Version 17
VisualStudioVersion = 17.0.31903.59
MinimumVisualStudioVersion = 10.0.40219.1
Project("{2150E333-8FDC-42A3-9474-1A3956D46DE8}") = "src", "src", "{0115E39E-51BE-4B6B-B4B7-3254DA317C80}"
EndProject
Project("{FAE04EC0-301F-11D3-BF4B-00C04F79EFBC}") = "PDH.Domain", "src\PDH.Domain\PDH.Domain.csproj", "{675EE5EC-2E73-4823-80CE-28D6BA7AB899}"
EndProject
Project("{FAE04EC0-301F-11D3-BF4B-00C04F79EFBC}") = "PDH.Application", "src\PDH.Application\PDH.Application.csproj", "{F9ECA99C-3031-4302-8C0A-0DBE15986C2E}"
EndProject
Project("{FAE04EC0-301F-11D3-BF4B-00C04F79EFBC}") = "PDH.Infrastructure", "src\PDH.Infrastructure\PDH.Infrastructure.csproj", "{AE0E2D27-50D0-4796-8BFD-F4C53E20195A}"
EndProject
Project("{FAE04EC0-301F-11D3-BF4B-00C04F79EFBC}") = "PDH.WebApi", "src\PDH.WebApi\PDH.WebApi.csproj", "{65438057-C64D-4312-A984-2CBF686AD842}"
EndProject
Project("{FAE04EC0-301F-11D3-BF4B-00C04F79EFBC}") = "PDH.BlazorUI", "src\PDH.BlazorUI\PDH.BlazorUI.csproj", "{80DFDACD-E926-48FF-87C9-BAE25B54C824}"
EndProject
Project("{2150E333-8FDC-42A3-9474-1A3956D46DE8}") = "tests", "tests", "{3E7932C8-14F1-463A-99CD-D1574A1FC9F3}"
EndProject
Project("{FAE04EC0-301F-11D3-BF4B-00C04F79EFBC}") = "PDH.IntegrationTests", "tests\PDH.IntegrationTests\PDH.IntegrationTests.csproj", "{9A3A9648-E024-4C13-BBE4-7EBF1CD6BF95}"
EndProject
Project("{FAE04EC0-301F-11D3-BF4B-00C04F79EFBC}") = "PDH.UnitTests", "tests\PDH.UnitTests\PDH.UnitTests.csproj", "{06AD8C9B-3B76-4A64-BE1F-9B21296E1FE3}"
EndProject
Global
	GlobalSection(SolutionConfigurationPlatforms) = preSolution
		Debug|Any CPU = Debug|Any CPU
		Release|Any CPU = Release|Any CPU
	EndGlobalSection
	GlobalSection(SolutionProperties) = preSolution
		HideSolutionNode = FALSE
	EndGlobalSection
	GlobalSection(ProjectConfigurationPlatforms) = postSolution
		{675EE5EC-2E73-4823-80CE-28D6BA7AB899}.Debug|Any CPU.ActiveCfg = Debug|Any CPU
		{675EE5EC-2E73-4823-80CE-28D6BA7AB899}.Debug|Any CPU.Build.0 = Debug|Any CPU
		{675EE5EC-2E73-4823-80CE-28D6BA7AB899}.Release|Any CPU.ActiveCfg = Release|Any CPU
		{675EE5EC-2E73-4823-80CE-28D6BA7AB899}.Release|Any CPU.Build.0 = Release|Any CPU
		{F9ECA99C-3031-4302-8C0A-0DBE15986C2E}.Debug|Any CPU.ActiveCfg = Debug|Any CPU
		{F9ECA99C-3031-4302-8C0A-0DBE15986C2E}.Debug|Any CPU.Build.0 = Debug|Any CPU
		{F9ECA99C-3031-4302-8C0A-0DBE15986C2E}.Release|Any CPU.ActiveCfg = Release|Any CPU
		{F9ECA99C-3031-4302-8C0A-0DBE15986C2E}.Release|Any CPU.Build.0 = Release|Any CPU
		{AE0E2D27-50D0-4796-8BFD-F4C53E20195A}.Debug|Any CPU.ActiveCfg = Debug|Any CPU
		{AE0E2D27-50D0-4796-8BFD-F4C53E20195A}.Debug|Any CPU.Build.0 = Debug|Any CPU
		{AE0E2D27-50D0-4796-8BFD-F4C53E20195A}.Release|Any CPU.ActiveCfg = Release|Any CPU
		{AE0E2D27-50D0-4796-8BFD-F4C53E20195A}.Release|Any CPU.Build.0 = Release|Any CPU
		{65438057-C64D-4312-A984-2CBF686AD842}.Debug|Any CPU.ActiveCfg = Debug|Any CPU
		{65438057-C64D-4312-A984-2CBF686AD842}.Debug|Any CPU.Build.0 = Debug|Any CPU
		{65438057-C64D-4312-A984-2CBF686AD842}.Release|Any CPU.ActiveCfg = Release|Any CPU
		{65438057-C64D-4312-A984-2CBF686AD842}.Release|Any CPU.Build.0 = Release|Any CPU
		{80DFDACD-E926-48FF-87C9-BAE25B54C824}.Debug|Any CPU.ActiveCfg = Debug|Any CPU
		{80DFDACD-E926-48FF-87C9-BAE25B54C824}.Debug|Any CPU.Build.0 = Debug|Any CPU
		{80DFDACD-E926-48FF-87C9-BAE25B54C824}.Release|Any CPU.ActiveCfg = Release|Any CPU
		{80DFDACD-E926-48FF-87C9-BAE25B54C824}.Release|Any CPU.Build.0 = Release|Any CPU
		{9A3A9648-E024-4C13-BBE4-7EBF1CD6BF95}.Debug|Any CPU.ActiveCfg = Debug|Any CPU
		{9A3A9648-E024-4C13-BBE4-7EBF1CD6BF95}.Debug|Any CPU.Build.0 = Debug|Any CPU
		{9A3A9648-E024-4C13-BBE4-7EBF1CD6BF95}.Release|Any CPU.ActiveCfg = Release|Any CPU
		{9A3A9648-E024-4C13-BBE4-7EBF1CD6BF95}.Release|Any CPU.Build.0 = Release|Any CPU
		{06AD8C9B-3B76-4A64-BE1F-9B21296E1FE3}.Debug|Any CPU.ActiveCfg = Debug|Any CPU
		{06AD8C9B-3B76-4A64-BE1F-9B21296E1FE3}.Debug|Any CPU.Build.0 = Debug|Any CPU
		{06AD8C9B-3B76-4A64-BE1F-9B21296E1FE3}.Release|Any CPU.ActiveCfg = Release|Any CPU
		{06AD8C9B-3B76-4A64-BE1F-9B21296E1FE3}.Release|Any CPU.Build.0 = Release|Any CPU
	EndGlobalSection
	GlobalSection(NestedProjects) = preSolution
		{675EE5EC-2E73-4823-80CE-28D6BA7AB899} = {0115E39E-51BE-4B6B-B4B7-3254DA317C80}
		{F9ECA99C-3031-4302-8C0A-0DBE15986C2E} = {0115E39E-51BE-4B6B-B4B7-3254DA317C80}
		{AE0E2D27-50D0-4796-8BFD-F4C53E20195A} = {0115E39E-51BE-4B6B-B4B7-3254DA317C80}
		{65438057-C64D-4312-A984-2CBF686AD842} = {0115E39E-51BE-4B6B-B4B7-3254DA317C80}
		{80DFDACD-E926-48FF-87C9-BAE25B54C824} = {0115E39E-51BE-4B6B-B4B7-3254DA317C80}
		{9A3A9648-E024-4C13-BBE4-7EBF1CD6BF95} = {3E7932C8-14F1-463A-99CD-D1574A1FC9F3}
		{06AD8C9B-3B76-4A64-BE1F-9B21296E1FE3} = {3E7932C8-14F1-463A-99CD-D1574A1FC9F3}
	EndGlobalSection
EndGlobal
